
Microsoft Visual Studio Solution File, Format Version 12.00
# Visual Studio Version 17
VisualStudioVersion = 17.2.32616.157
MinimumVisualStudioVersion = 10.0.40219.1
Project("{9A19103F-16F7-4668-BE54-9A1E7A4F7556}") = "Pro.Modular.API", "Pro.Modular.API\Pro.Modular.API.csproj", "{059BFE64-9CF1-491E-AB6D-88F58E75442A}"
EndProject
Project("{9A19103F-16F7-4668-BE54-9A1E7A4F7556}") = "Pro.Modular.Tests", "Pro.Modular.Tests\Pro.Modular.Tests.csproj", "{0F7F1148-528A-4115-A708-C5A5FD4F1055}"
EndProject
Project("{2150E333-8FDC-42A3-9474-1A3956D46DE8}") = "Solution Items", "Solution Items", "{43D8BAEA-2469-4454-B52B-581156EB1755}"
	ProjectSection(SolutionItems) = preProject
		.gitignore = .gitignore
		dependabot.yml = dependabot.yml
		global.json = global.json
		qodana.sarif.json = qodana.sarif.json
		qodana.yaml = qodana.yaml
	EndProjectSection
EndProject
Project("{2150E333-8FDC-42A3-9474-1A3956D46DE8}") = "workflows", "workflows", "{E49107AB-AE44-4EBA-B8F6-8B1690CCCADC}"
	ProjectSection(SolutionItems) = preProject
		.github\workflows\build-and-test.yml = .github\workflows\build-and-test.yml
		.github\workflows\security-codeql.yml = .github\workflows\security-codeql.yml
	EndProjectSection
EndProject
Project("{FAE04EC0-301F-11D3-BF4B-00C04F79EFBC}") = "WeatherForecastModule", "WeatherForecastModule\WeatherForecastModule.csproj", "{ADA9F278-9947-42A0-8B3E-1675662EC358}"
EndProject
Project("{FAE04EC0-301F-11D3-BF4B-00C04F79EFBC}") = "ExampleModule", "ExampleModule\ExampleModule.csproj", "{C692B4E2-3977-42A1-90CF-0F92063B84A9}"
EndProject
Global
	GlobalSection(SolutionConfigurationPlatforms) = preSolution
		Debug|Any CPU = Debug|Any CPU
		Release|Any CPU = Release|Any CPU
	EndGlobalSection
	GlobalSection(ProjectConfigurationPlatforms) = postSolution
		{059BFE64-9CF1-491E-AB6D-88F58E75442A}.Debug|Any CPU.ActiveCfg = Debug|Any CPU
		{059BFE64-9CF1-491E-AB6D-88F58E75442A}.Debug|Any CPU.Build.0 = Debug|Any CPU
		{059BFE64-9CF1-491E-AB6D-88F58E75442A}.Release|Any CPU.ActiveCfg = Release|Any CPU
		{059BFE64-9CF1-491E-AB6D-88F58E75442A}.Release|Any CPU.Build.0 = Release|Any CPU
		{0F7F1148-528A-4115-A708-C5A5FD4F1055}.Debug|Any CPU.ActiveCfg = Debug|Any CPU
		{0F7F1148-528A-4115-A708-C5A5FD4F1055}.Debug|Any CPU.Build.0 = Debug|Any CPU
		{0F7F1148-528A-4115-A708-C5A5FD4F1055}.Release|Any CPU.ActiveCfg = Release|Any CPU
		{0F7F1148-528A-4115-A708-C5A5FD4F1055}.Release|Any CPU.Build.0 = Release|Any CPU
		{ADA9F278-9947-42A0-8B3E-1675662EC358}.Debug|Any CPU.ActiveCfg = Debug|Any CPU
		{ADA9F278-9947-42A0-8B3E-1675662EC358}.Debug|Any CPU.Build.0 = Debug|Any CPU
		{ADA9F278-9947-42A0-8B3E-1675662EC358}.Release|Any CPU.ActiveCfg = Release|Any CPU
		{ADA9F278-9947-42A0-8B3E-1675662EC358}.Release|Any CPU.Build.0 = Release|Any CPU
		{C692B4E2-3977-42A1-90CF-0F92063B84A9}.Debug|Any CPU.ActiveCfg = Debug|Any CPU
		{C692B4E2-3977-42A1-90CF-0F92063B84A9}.Debug|Any CPU.Build.0 = Debug|Any CPU
		{C692B4E2-3977-42A1-90CF-0F92063B84A9}.Release|Any CPU.ActiveCfg = Release|Any CPU
		{C692B4E2-3977-42A1-90CF-0F92063B84A9}.Release|Any CPU.Build.0 = Release|Any CPU
	EndGlobalSection
	GlobalSection(SolutionProperties) = preSolution
		HideSolutionNode = FALSE
	EndGlobalSection
	GlobalSection(ExtensibilityGlobals) = postSolution
		SolutionGuid = {1C95A505-BC6D-42F0-ADFC-032FBE222C4A}
	EndGlobalSection
	GlobalSection(NestedProjects) = preSolution
	EndGlobalSection
EndGlobal
